
Microsoft Visual Studio Solution File, Format Version 12.00
# Visual Studio 15
VisualStudioVersion = 15.0.28307.421
MinimumVisualStudioVersion = 10.0.40219.1
Project("{FAE04EC0-301F-11D3-BF4B-00C04F79EFBC}") = "Myo_Wpf", "Myo_Wpf\Myo_Wpf.csproj", "{BD0ACA12-0C3A-4EC2-A19B-F2E35F9C12CC}"
EndProject
Global
	GlobalSection(SolutionConfigurationPlatforms) = preSolution
		Debug|Any CPU = Debug|Any CPU
		Release|Any CPU = Release|Any CPU
	EndGlobalSection
	GlobalSection(ProjectConfigurationPlatforms) = postSolution
		{BD0ACA12-0C3A-4EC2-A19B-F2E35F9C12CC}.Debug|Any CPU.ActiveCfg = Debug|Any CPU
		{BD0ACA12-0C3A-4EC2-A19B-F2E35F9C12CC}.Debug|Any CPU.Build.0 = Debug|Any CPU
		{BD0ACA12-0C3A-4EC2-A19B-F2E35F9C12CC}.Release|Any CPU.ActiveCfg = Release|Any CPU
		{BD0ACA12-0C3A-4EC2-A19B-F2E35F9C12CC}.Release|Any CPU.Build.0 = Release|Any CPU
	EndGlobalSection
	GlobalSection(SolutionProperties) = preSolution
		HideSolutionNode = FALSE
	EndGlobalSection
	GlobalSection(ExtensibilityGlobals) = postSolution
		SolutionGuid = {B05CA52B-2613-49DD-8308-A559595732EF}
	EndGlobalSection
EndGlobal
